
Microsoft Visual Studio Solution File, Format Version 11.00
# Visual Studio 2010
Project("{FAE04EC0-301F-11D3-BF4B-00C04F79EFBC}") = "memo-notifier", "memo-notifier\memo-notifier.csproj", "{B6A92B85-738A-4DF5-AE89-9A63735911F2}"
EndProject
Global
	GlobalSection(SolutionConfigurationPlatforms) = preSolution
		Debug|x86 = Debug|x86
		Release|x86 = Release|x86
	EndGlobalSection
	GlobalSection(ProjectConfigurationPlatforms) = postSolution
		{B6A92B85-738A-4DF5-AE89-9A63735911F2}.Debug|x86.ActiveCfg = Debug|x86
		{B6A92B85-738A-4DF5-AE89-9A63735911F2}.Debug|x86.Build.0 = Debug|x86
		{B6A92B85-738A-4DF5-AE89-9A63735911F2}.Release|x86.ActiveCfg = Release|x86
		{B6A92B85-738A-4DF5-AE89-9A63735911F2}.Release|x86.Build.0 = Release|x86
	EndGlobalSection
	GlobalSection(SolutionProperties) = preSolution
		HideSolutionNode = FALSE
	EndGlobalSection
EndGlobal
