
Microsoft Visual Studio Solution File, Format Version 11.00
# Visual Studio 2010
Project("{FAE04EC0-301F-11D3-BF4B-00C04F79EFBC}") = "Sample Project", "Sample Project.csproj", "{E06E4A93-F048-4A5C-96F2-2770E5C31257}"
EndProject
Global
	GlobalSection(SolutionConfigurationPlatforms) = preSolution
		Debug|Any CPU = Debug|Any CPU
		Release|Any CPU = Release|Any CPU
	EndGlobalSection
	GlobalSection(ProjectConfigurationPlatforms) = postSolution
		{E06E4A93-F048-4A5C-96F2-2770E5C31257}.Debug|Any CPU.ActiveCfg = Debug|Any CPU
		{E06E4A93-F048-4A5C-96F2-2770E5C31257}.Debug|Any CPU.Build.0 = Debug|Any CPU
		{E06E4A93-F048-4A5C-96F2-2770E5C31257}.Release|Any CPU.ActiveCfg = Release|Any CPU
		{E06E4A93-F048-4A5C-96F2-2770E5C31257}.Release|Any CPU.Build.0 = Release|Any CPU
	EndGlobalSection
	GlobalSection(SolutionProperties) = preSolution
		HideSolutionNode = FALSE
	EndGlobalSection
EndGlobal
