
Microsoft Visual Studio Solution File, Format Version 11.00
# Visual Studio 2010
Project("{FAE04EC0-301F-11D3-BF4B-00C04F79EFBC}") = "SAMPLE_MEMO_NOTIF", "SAMPLE_MEMO_NOTIF\SAMPLE_MEMO_NOTIF.csproj", "{A1DB0D11-843C-4F39-AFE6-BFEFA616610E}"
EndProject
Project("{FAE04EC0-301F-11D3-BF4B-00C04F79EFBC}") = "SAMPLE_MEMO_NOTIF.CORE", "SAMPLE_MEMO_NOTIF.CORE\SAMPLE_MEMO_NOTIF.CORE.csproj", "{17C25297-5AFB-41D8-B199-378B617F7BBD}"
EndProject
Project("{FAE04EC0-301F-11D3-BF4B-00C04F79EFBC}") = "SAMPLE_MEMO_NOTIF.DAL", "SAMPLE_MEMO_NOTIF.DAL\SAMPLE_MEMO_NOTIF.DAL.csproj", "{C5E27260-D2AD-42B3-987A-F35F14D511AF}"
EndProject
Global
	GlobalSection(SolutionConfigurationPlatforms) = preSolution
		Debug|Any CPU = Debug|Any CPU
		Release|Any CPU = Release|Any CPU
	EndGlobalSection
	GlobalSection(ProjectConfigurationPlatforms) = postSolution
		{A1DB0D11-843C-4F39-AFE6-BFEFA616610E}.Debug|Any CPU.ActiveCfg = Debug|Any CPU
		{A1DB0D11-843C-4F39-AFE6-BFEFA616610E}.Debug|Any CPU.Build.0 = Debug|Any CPU
		{A1DB0D11-843C-4F39-AFE6-BFEFA616610E}.Release|Any CPU.ActiveCfg = Release|Any CPU
		{A1DB0D11-843C-4F39-AFE6-BFEFA616610E}.Release|Any CPU.Build.0 = Release|Any CPU
		{17C25297-5AFB-41D8-B199-378B617F7BBD}.Debug|Any CPU.ActiveCfg = Debug|Any CPU
		{17C25297-5AFB-41D8-B199-378B617F7BBD}.Debug|Any CPU.Build.0 = Debug|Any CPU
		{17C25297-5AFB-41D8-B199-378B617F7BBD}.Release|Any CPU.ActiveCfg = Release|Any CPU
		{17C25297-5AFB-41D8-B199-378B617F7BBD}.Release|Any CPU.Build.0 = Release|Any CPU
		{C5E27260-D2AD-42B3-987A-F35F14D511AF}.Debug|Any CPU.ActiveCfg = Debug|Any CPU
		{C5E27260-D2AD-42B3-987A-F35F14D511AF}.Debug|Any CPU.Build.0 = Debug|Any CPU
		{C5E27260-D2AD-42B3-987A-F35F14D511AF}.Release|Any CPU.ActiveCfg = Release|Any CPU
		{C5E27260-D2AD-42B3-987A-F35F14D511AF}.Release|Any CPU.Build.0 = Release|Any CPU
	EndGlobalSection
	GlobalSection(SolutionProperties) = preSolution
		HideSolutionNode = FALSE
	EndGlobalSection
EndGlobal
